# This file is automatically @generated by Poetry 1.7.1 and should not be changed by hand.

[[package]]
name = "mouseinfo"
version = "0.1.3"
description = "An application to display XY position and RGB color information for the pixel currently under the mouse. Works on Python 2 and 3."
optional = false
python-versions = "*"
files = [
    {file = "MouseInfo-0.1.3.tar.gz", hash = "sha256:2c62fb8885062b8e520a3cce0a297c657adcc08c60952eb05bc8256ef6f7f6e7"},
]

[package.dependencies]
pyperclip = "*"
python3-Xlib = {version = "*", markers = "platform_system == \"Linux\" and python_version >= \"3.0\""}
rubicon-objc = {version = "*", markers = "platform_system == \"Darwin\""}

[[package]]
name = "pillow"
version = "8.4.0"
description = "Python Imaging Library (Fork)"
optional = false
python-versions = ">=3.6"
files = [
    {file = "Pillow-8.4.0-cp310-cp310-macosx_10_10_universal2.whl", hash = "sha256:81f8d5c81e483a9442d72d182e1fb6dcb9723f289a57e8030811bac9ea3fef8d"},
    {file = "Pillow-8.4.0-cp310-cp310-macosx_11_0_arm64.whl", hash = "sha256:3f97cfb1e5a392d75dd8b9fd274d205404729923840ca94ca45a0af57e13dbe6"},
    {file = "Pillow-8.4.0-cp310-cp310-manylinux_2_17_aarch64.manylinux2014_aarch64.whl", hash = "sha256:eb9fc393f3c61f9054e1ed26e6fe912c7321af2f41ff49d3f83d05bacf22cc78"},
    {file = "Pillow-8.4.0-cp310-cp310-manylinux_2_17_i686.manylinux2014_i686.whl", hash = "sha256:d82cdb63100ef5eedb8391732375e6d05993b765f72cb34311fab92103314649"},
    {file = "Pillow-8.4.0-cp310-cp310-manylinux_2_17_x86_64.manylinux2014_x86_64.whl", hash = "sha256:62cc1afda735a8d109007164714e73771b499768b9bb5afcbbee9d0ff374b43f"},
    {file = "Pillow-8.4.0-cp310-cp310-win32.whl", hash = "sha256:e3dacecfbeec9a33e932f00c6cd7996e62f53ad46fbe677577394aaa90ee419a"},
    {file = "Pillow-8.4.0-cp310-cp310-win_amd64.whl", hash = "sha256:620582db2a85b2df5f8a82ddeb52116560d7e5e6b055095f04ad828d1b0baa39"},
    {file = "Pillow-8.4.0-cp36-cp36m-macosx_10_10_x86_64.whl", hash = "sha256:1bc723b434fbc4ab50bb68e11e93ce5fb69866ad621e3c2c9bdb0cd70e345f55"},
    {file = "Pillow-8.4.0-cp36-cp36m-manylinux_2_17_aarch64.manylinux2014_aarch64.whl", hash = "sha256:72cbcfd54df6caf85cc35264c77ede902452d6df41166010262374155947460c"},
    {file = "Pillow-8.4.0-cp36-cp36m-manylinux_2_17_i686.manylinux2014_i686.whl", hash = "sha256:70ad9e5c6cb9b8487280a02c0ad8a51581dcbbe8484ce058477692a27c151c0a"},
    {file = "Pillow-8.4.0-cp36-cp36m-manylinux_2_17_x86_64.manylinux2014_x86_64.whl", hash = "sha256:25a49dc2e2f74e65efaa32b153527fc5ac98508d502fa46e74fa4fd678ed6645"},
    {file = "Pillow-8.4.0-cp36-cp36m-win32.whl", hash = "sha256:93ce9e955cc95959df98505e4608ad98281fff037350d8c2671c9aa86bcf10a9"},
    {file = "Pillow-8.4.0-cp36-cp36m-win_amd64.whl", hash = "sha256:2e4440b8f00f504ee4b53fe30f4e381aae30b0568193be305256b1462216feff"},
    {file = "Pillow-8.4.0-cp37-cp37m-macosx_10_10_x86_64.whl", hash = "sha256:8c803ac3c28bbc53763e6825746f05cc407b20e4a69d0122e526a582e3b5e153"},
    {file = "Pillow-8.4.0-cp37-cp37m-manylinux_2_17_aarch64.manylinux2014_aarch64.whl", hash = "sha256:c8a17b5d948f4ceeceb66384727dde11b240736fddeda54ca740b9b8b1556b29"},
    {file = "Pillow-8.4.0-cp37-cp37m-manylinux_2_17_i686.manylinux2014_i686.whl", hash = "sha256:1394a6ad5abc838c5cd8a92c5a07535648cdf6d09e8e2d6df916dfa9ea86ead8"},
    {file = "Pillow-8.4.0-cp37-cp37m-manylinux_2_17_x86_64.manylinux2014_x86_64.whl", hash = "sha256:792e5c12376594bfcb986ebf3855aa4b7c225754e9a9521298e460e92fb4a488"},
    {file = "Pillow-8.4.0-cp37-cp37m-win32.whl", hash = "sha256:d99ec152570e4196772e7a8e4ba5320d2d27bf22fdf11743dd882936ed64305b"},
    {file = "Pillow-8.4.0-cp37-cp37m-win_amd64.whl", hash = "sha256:7b7017b61bbcdd7f6363aeceb881e23c46583739cb69a3ab39cb384f6ec82e5b"},
    {file = "Pillow-8.4.0-cp38-cp38-macosx_10_10_x86_64.whl", hash = "sha256:d89363f02658e253dbd171f7c3716a5d340a24ee82d38aab9183f7fdf0cdca49"},
    {file = "Pillow-8.4.0-cp38-cp38-macosx_11_0_arm64.whl", hash = "sha256:0a0956fdc5defc34462bb1c765ee88d933239f9a94bc37d132004775241a7585"},
    {file = "Pillow-8.4.0-cp38-cp38-manylinux_2_17_aarch64.manylinux2014_aarch64.whl", hash = "sha256:5b7bb9de00197fb4261825c15551adf7605cf14a80badf1761d61e59da347779"},
    {file = "Pillow-8.4.0-cp38-cp38-manylinux_2_17_i686.manylinux2014_i686.whl", hash = "sha256:72b9e656e340447f827885b8d7a15fc8c4e68d410dc2297ef6787eec0f0ea409"},
    {file = "Pillow-8.4.0-cp38-cp38-manylinux_2_17_x86_64.manylinux2014_x86_64.whl", hash = "sha256:a5a4532a12314149d8b4e4ad8ff09dde7427731fcfa5917ff16d0291f13609df"},
    {file = "Pillow-8.4.0-cp38-cp38-win32.whl", hash = "sha256:82aafa8d5eb68c8463b6e9baeb4f19043bb31fefc03eb7b216b51e6a9981ae09"},
    {file = "Pillow-8.4.0-cp38-cp38-win_amd64.whl", hash = "sha256:066f3999cb3b070a95c3652712cffa1a748cd02d60ad7b4e485c3748a04d9d76"},
    {file = "Pillow-8.4.0-cp39-cp39-macosx_10_10_x86_64.whl", hash = "sha256:5503c86916d27c2e101b7f71c2ae2cddba01a2cf55b8395b0255fd33fa4d1f1a"},
    {file = "Pillow-8.4.0-cp39-cp39-macosx_11_0_arm64.whl", hash = "sha256:4acc0985ddf39d1bc969a9220b51d94ed51695d455c228d8ac29fcdb25810e6e"},
    {file = "Pillow-8.4.0-cp39-cp39-manylinux_2_17_aarch64.manylinux2014_aarch64.whl", hash = "sha256:0b052a619a8bfcf26bd8b3f48f45283f9e977890263e4571f2393ed8898d331b"},
    {file = "Pillow-8.4.0-cp39-cp39-manylinux_2_17_i686.manylinux2014_i686.whl", hash = "sha256:493cb4e415f44cd601fcec11c99836f707bb714ab03f5ed46ac25713baf0ff20"},
    {file = "Pillow-8.4.0-cp39-cp39-manylinux_2_17_x86_64.manylinux2014_x86_64.whl", hash = "sha256:b8831cb7332eda5dc89b21a7bce7ef6ad305548820595033a4b03cf3091235ed"},
    {file = "Pillow-8.4.0-cp39-cp39-win32.whl", hash = "sha256:5e9ac5f66616b87d4da618a20ab0a38324dbe88d8a39b55be8964eb520021e02"},
    {file = "Pillow-8.4.0-cp39-cp39-win_amd64.whl", hash = "sha256:3eb1ce5f65908556c2d8685a8f0a6e989d887ec4057326f6c22b24e8a172c66b"},
    {file = "Pillow-8.4.0-pp36-pypy36_pp73-macosx_10_10_x86_64.whl", hash = "sha256:ddc4d832a0f0b4c52fff973a0d44b6c99839a9d016fe4e6a1cb8f3eea96479c2"},
    {file = "Pillow-8.4.0-pp36-pypy36_pp73-manylinux_2_17_i686.manylinux2014_i686.whl", hash = "sha256:9a3e5ddc44c14042f0844b8cf7d2cd455f6cc80fd7f5eefbe657292cf601d9ad"},
    {file = "Pillow-8.4.0-pp36-pypy36_pp73-manylinux_2_17_x86_64.manylinux2014_x86_64.whl", hash = "sha256:c70e94281588ef053ae8998039610dbd71bc509e4acbc77ab59d7d2937b10698"},
    {file = "Pillow-8.4.0-pp37-pypy37_pp73-macosx_10_10_x86_64.whl", hash = "sha256:3862b7256046fcd950618ed22d1d60b842e3a40a48236a5498746f21189afbbc"},
    {file = "Pillow-8.4.0-pp37-pypy37_pp73-manylinux_2_17_i686.manylinux2014_i686.whl", hash = "sha256:a4901622493f88b1a29bd30ec1a2f683782e57c3c16a2dbc7f2595ba01f639df"},
    {file = "Pillow-8.4.0-pp37-pypy37_pp73-manylinux_2_17_x86_64.manylinux2014_x86_64.whl", hash = "sha256:84c471a734240653a0ec91dec0996696eea227eafe72a33bd06c92697728046b"},
    {file = "Pillow-8.4.0-pp37-pypy37_pp73-win_amd64.whl", hash = "sha256:244cf3b97802c34c41905d22810846802a3329ddcb93ccc432870243211c79fc"},
    {file = "Pillow-8.4.0.tar.gz", hash = "sha256:b8e2f83c56e141920c39464b852de3719dfbfb6e3c99a2d8da0edf4fb33176ed"},
]

[[package]]
name = "pyautogui"
version = "0.9.54"
description = "PyAutoGUI lets Python control the mouse and keyboard, and other GUI automation tasks. For Windows, macOS, and Linux, on Python 3 and 2."
optional = false
python-versions = "*"
files = [
    {file = "PyAutoGUI-0.9.54.tar.gz", hash = "sha256:dd1d29e8fd118941cb193f74df57e5c6ff8e9253b99c7b04f39cfc69f3ae04b2"},
]

[package.dependencies]
mouseinfo = "*"
pygetwindow = ">=0.0.5"
pymsgbox = "*"
pyobjc-core = {version = "*", markers = "platform_system == \"Darwin\""}
pyobjc-framework-quartz = {version = "*", markers = "platform_system == \"Darwin\""}
pyscreeze = ">=0.1.21"
python3-Xlib = {version = "*", markers = "platform_system == \"Linux\" and python_version >= \"3.0\""}
pytweening = ">=1.0.4"

[[package]]
name = "pygetwindow"
version = "0.0.9"
description = "A simple, cross-platform module for obtaining GUI information on application's windows."
optional = false
python-versions = "*"
files = [
    {file = "PyGetWindow-0.0.9.tar.gz", hash = "sha256:17894355e7d2b305cd832d717708384017c1698a90ce24f6f7fbf0242dd0a688"},
]

[package.dependencies]
pyrect = "*"

[[package]]
name = "pymsgbox"
version = "1.0.9"
description = "A simple, cross-platform, pure Python module for JavaScript-like message boxes."
optional = false
python-versions = "*"
files = [
    {file = "PyMsgBox-1.0.9.tar.gz", hash = "sha256:2194227de8bff7a3d6da541848705a155dcbb2a06ee120d9f280a1d7f51263ff"},
]

[[package]]
name = "pyobjc-core"
version = "10.0"
description = "Python<->ObjC Interoperability Module"
optional = false
python-versions = ">=3.8"
files = [
    {file = "pyobjc-core-10.0.tar.gz", hash = "sha256:3dd0a7b3acd7e0b8ffd3f5331b29a3aaebe79a03323e61efeece38627a6020b3"},
    {file = "pyobjc_core-10.0-cp310-cp310-macosx_10_9_universal2.whl", hash = "sha256:61ea5112a672d21b5b0ed945778707c655b17c400672aef144705674c4b95499"},
    {file = "pyobjc_core-10.0-cp311-cp311-macosx_10_9_universal2.whl", hash = "sha256:99b72cda4593e0c66037b25a178f2bcc6efffb6d5d9dcd477ecca859a1f9ae8e"},
    {file = "pyobjc_core-10.0-cp312-cp312-macosx_10_9_universal2.whl", hash = "sha256:2843ca32e86a01ccee67d7ad82a325ddd72d754929d1f2c0d96bc8741dc9af09"},
    {file = "pyobjc_core-10.0-cp38-cp38-macosx_10_9_x86_64.whl", hash = "sha256:a886b9d2a93210cab4ae72601ab005ca6f627fa2f0cc62c43c03ef1405067a11"},
    {file = "pyobjc_core-10.0-cp38-cp38-macosx_11_0_universal2.whl", hash = "sha256:166666b5c380a49e8aa1ad1dda978c581e29a00703d82203216f3c65a3f397a4"},
    {file = "pyobjc_core-10.0-cp39-cp39-macosx_10_9_universal2.whl", hash = "sha256:198a0360f64e4c0148eed07b42d1de0545f56c498c356d1d5524422bb3352907"},
]

[[package]]
name = "pyobjc-framework-cocoa"
version = "10.0"
description = "Wrappers for the Cocoa frameworks on macOS"
optional = false
python-versions = ">=3.8"
files = [
    {file = "pyobjc-framework-Cocoa-10.0.tar.gz", hash = "sha256:723421eff4f59e4ca9a9bb8ec6dafbc0f778141236fa85a49fdd86732d58a74c"},
    {file = "pyobjc_framework_Cocoa-10.0-cp310-cp310-macosx_10_9_universal2.whl", hash = "sha256:80c22a8fc7f085746d9cd222adeca8fe6790e3e6ad7eed5fc70b32aa87c10adb"},
    {file = "pyobjc_framework_Cocoa-10.0-cp311-cp311-macosx_10_9_universal2.whl", hash = "sha256:0187cba228976a45f41116c74aab079b64bacb3ffc3c886a4bd8e472bf9be581"},
    {file = "pyobjc_framework_Cocoa-10.0-cp312-cp312-macosx_10_9_universal2.whl", hash = "sha256:a81dabdc40268591e3196087388e680c6570fed1b521df9b04733cb3ece0414e"},
    {file = "pyobjc_framework_Cocoa-10.0-cp38-cp38-macosx_10_9_x86_64.whl", hash = "sha256:0a23db9ab99e338e1d8a268d873cc15408f78cec9946308393ca2241820c18b8"},
    {file = "pyobjc_framework_Cocoa-10.0-cp38-cp38-macosx_11_0_universal2.whl", hash = "sha256:a3c66fe56a5156a818fbf056c589f8140a5fdb1dcb1f1075cb34d3755474d900"},
    {file = "pyobjc_framework_Cocoa-10.0-cp39-cp39-macosx_10_9_universal2.whl", hash = "sha256:bf9020e85ead569021b15272dcd90207aab6c754093f520b11d4210a2efbdd06"},
]

[package.dependencies]
pyobjc-core = ">=10.0"

[[package]]
name = "pyobjc-framework-quartz"
version = "10.0"
description = "Wrappers for the Quartz frameworks on macOS"
optional = false
python-versions = ">=3.8"
files = [
    {file = "pyobjc-framework-Quartz-10.0.tar.gz", hash = "sha256:ff7c938d9c8adff87d577d63e58f9be6e4bc75274384715fa7a20032a1ce8b0e"},
    {file = "pyobjc_framework_Quartz-10.0-cp310-cp310-macosx_10_9_universal2.whl", hash = "sha256:f06be24fdd2112c9f5b96ede54ec48ad7623e107b85ebbd5b4155d0b1da4d45f"},
    {file = "pyobjc_framework_Quartz-10.0-cp311-cp311-macosx_10_9_universal2.whl", hash = "sha256:52848a5e283a508c6895a73cb0c950bd4dca9b1186b70dd73ddc8f436d64fd42"},
    {file = "pyobjc_framework_Quartz-10.0-cp312-cp312-macosx_10_9_universal2.whl", hash = "sha256:f0cc89890de411a341e90d2c4148831b6d241fca66e734b5470d27869c04e33c"},
    {file = "pyobjc_framework_Quartz-10.0-cp38-cp38-macosx_10_9_x86_64.whl", hash = "sha256:dc8d6edcdb0bb3dab4dbe6e6a6d420c28aa0caca53715a3e49d7f299601a723f"},
    {file = "pyobjc_framework_Quartz-10.0-cp38-cp38-macosx_11_0_universal2.whl", hash = "sha256:c4b03fade2c4aff2682cd5eae8469f3f15e089c7dd09641e24e5b54d015edfae"},
    {file = "pyobjc_framework_Quartz-10.0-cp39-cp39-macosx_10_9_universal2.whl", hash = "sha256:6975be7f776ad4c3a41655b90d67e45a9c7fa2d715b189d8599e8d227f790280"},
]

[package.dependencies]
pyobjc-core = ">=10.0"
pyobjc-framework-Cocoa = ">=10.0"

[[package]]
name = "pyperclip"
version = "1.8.2"
description = "A cross-platform clipboard module for Python. (Only handles plain text for now.)"
optional = false
python-versions = "*"
files = [
    {file = "pyperclip-1.8.2.tar.gz", hash = "sha256:105254a8b04934f0bc84e9c24eb360a591aaf6535c9def5f29d92af107a9bf57"},
]

[[package]]
name = "pyrect"
version = "0.2.0"
description = "PyRect is a simple module with a Rect class for Pygame-like rectangular areas."
optional = false
python-versions = "*"
files = [
    {file = "PyRect-0.2.0.tar.gz", hash = "sha256:f65155f6df9b929b67caffbd57c0947c5ae5449d3b580d178074bffb47a09b78"},
]

[[package]]
name = "pyscreeze"
version = "0.1.28"
description = "A simple, cross-platform screenshot module for Python 2 and 3."
optional = false
python-versions = "*"
files = [
    {file = "PyScreeze-0.1.28.tar.gz", hash = "sha256:4428600ed19b30cd3f4b5d83767d198fc1dbae7439eecf9bd795445c009b67ae"},
]

[package.dependencies]
Pillow = {version = ">=6.2.1", markers = "python_version == \"3.8\""}

[[package]]
name = "pyscreeze"
version = "0.1.30"
description = "A simple, cross-platform screenshot module for Python 2 and 3."
optional = false
python-versions = "*"
files = [
    {file = "PyScreeze-0.1.30.tar.gz", hash = "sha256:74098ad048e76a6231dcfa6243343af94459b8c829f9ccb7a44a5d3b147a67d1"},
]

[[package]]
name = "python3-xlib"
version = "0.15"
description = "Python3 X Library"
optional = false
python-versions = "*"
files = [
    {file = "python3-xlib-0.15.tar.gz", hash = "sha256:dc4245f3ae4aa5949c1d112ee4723901ade37a96721ba9645f2bfa56e5b383f8"},
]

[[package]]
name = "pytweening"
version = "1.0.7"
description = "A collection of tweening / easing functions."
optional = false
python-versions = "*"
files = [
    {file = "pytweening-1.0.7.tar.gz", hash = "sha256:767134f1bf57b76c1ce9f692dd1cfc776d9a279de6724e8d04854508fd7ededb"},
]

[[package]]
name = "rubicon-objc"
version = "0.4.7"
description = "A bridge between an Objective C runtime environment and Python."
optional = false
python-versions = ">=3.8"
files = [
    {file = "rubicon-objc-0.4.7.tar.gz", hash = "sha256:be937d864bd1229f860defabb89b40c53634eedc36448d89ad3c14eb3286e509"},
    {file = "rubicon_objc-0.4.7-py3-none-any.whl", hash = "sha256:f37108e35d5da1a78ab3eed2d03b095934f5f618329a939e4bd2ada9894eff6e"},
]

[package.extras]
dev = ["pre-commit (==3.5.0)", "pytest (==7.4.2)", "pytest-tldr (==0.2.5)", "setuptools-scm[toml] (==8.0.4)", "tox (==4.11.3)"]
docs = ["furo (==2023.9.10)", "pyenchant (==3.2.2)", "sphinx (==7.1.2)", "sphinx (==7.2.6)", "sphinx-autobuild (==2021.3.14)", "sphinx-copybutton (==0.5.2)", "sphinx-tabs (==3.4.1)", "sphinxcontrib-spelling (==8.0.0)"]

[metadata]
lock-version = "2.0"
python-versions = "^3.8"
content-hash = "027ce233aeeccbdb8b4efb21bd56e89b9e2da6b0b6266ce4c1201970dc162a22"
